# THIS IS AN AUTOGENERATED FILE. DO NOT EDIT THIS FILE DIRECTLY.
# yarn lockfile v1


"@angular/animations@^5.2.4":
  version "5.2.4"
  resolved "https://registry.yarnpkg.com/@angular/animations/-/animations-5.2.4.tgz#c5ec749d84a0434733a28a82c6cb6a4e15246201"
  dependencies:
    tslib "^1.7.1"

"@types/jquery@*", "@types/jquery@^3.2.12":
  version "3.3.0"
  resolved "https://registry.yarnpkg.com/@types/jquery/-/jquery-3.3.0.tgz#6316ac20a1a13c5d521a2dc661befc7184f73f5b"

"@types/materialize-css@^0.100.0":
  version "0.100.4"
  resolved "https://registry.yarnpkg.com/@types/materialize-css/-/materialize-css-0.100.4.tgz#0916aa6f78200539b05b00caf682187db11b0802"
  dependencies:
    "@types/jquery" "*"
    "@types/pickadate" "*"

"@types/pickadate@*":
  version "3.5.31"
  resolved "https://registry.yarnpkg.com/@types/pickadate/-/pickadate-3.5.31.tgz#b5d0c1b0f2b07653d41fded4aad2e86346a4247c"
  dependencies:
    "@types/jquery" "*"

hammerjs@^2.0.8:
  version "2.0.8"
  resolved "https://registry.yarnpkg.com/hammerjs/-/hammerjs-2.0.8.tgz#04ef77862cff2bb79d30f7692095930222bf60f1"

"jquery@^3.0.0 || ^2.1.4":
  version "3.3.1"
  resolved "https://registry.yarnpkg.com/jquery/-/jquery-3.3.1.tgz#958ce29e81c9790f31be7792df5d4d95fc57fbca"

materialize-css@^0.100.2:
  version "0.100.2"
  resolved "https://registry.yarnpkg.com/materialize-css/-/materialize-css-0.100.2.tgz#9ca32b24904c9a04491fc7d0a2e9402e7b1dae07"
  dependencies:
    hammerjs "^2.0.8"
    jquery "^3.0.0 || ^2.1.4"

mdi@^2.1.19:
  version "2.1.19"
  resolved "https://registry.yarnpkg.com/mdi/-/mdi-2.1.19.tgz#492bfc0c4fd0c510ebd55301cc76eb03a7a2f34b"

ng2-materialize@^1.8.0-beta.0:
  version "1.8.0-beta.0"
  resolved "https://registry.yarnpkg.com/ng2-materialize/-/ng2-materialize-1.8.0-beta.0.tgz#95b6667a32e2d755227e14c554535d06be0b8cae"
  dependencies:
    "@types/jquery" "^3.2.12"
    "@types/materialize-css" "^0.100.0"
    materialize-css "^0.100.2"

tslib@^1.7.1:
  version "1.9.0"
  resolved "https://registry.yarnpkg.com/tslib/-/tslib-1.9.0.tgz#e37a86fda8cbbaf23a057f473c9f4dc64e5fc2e8"
